
Microsoft Visual Studio Solution File, Format Version 12.00
# Visual Studio Version 16
VisualStudioVersion = 16.0.32106.194
MinimumVisualStudioVersion = 10.0.40219.1
Project("{FAE04EC0-301F-11D3-BF4B-00C04F79EFBC}") = "ses1", "ses1\ses1.csproj", "{0FA0F7F2-000E-4A10-98D0-A74EAEEB685A}"
EndProject
Global
	GlobalSection(SolutionConfigurationPlatforms) = preSolution
		Debug|Any CPU = Debug|Any CPU
		Release|Any CPU = Release|Any CPU
	EndGlobalSection
	GlobalSection(ProjectConfigurationPlatforms) = postSolution
		{0FA0F7F2-000E-4A10-98D0-A74EAEEB685A}.Debug|Any CPU.ActiveCfg = Debug|Any CPU
		{0FA0F7F2-000E-4A10-98D0-A74EAEEB685A}.Debug|Any CPU.Build.0 = Debug|Any CPU
		{0FA0F7F2-000E-4A10-98D0-A74EAEEB685A}.Release|Any CPU.ActiveCfg = Release|Any CPU
		{0FA0F7F2-000E-4A10-98D0-A74EAEEB685A}.Release|Any CPU.Build.0 = Release|Any CPU
	EndGlobalSection
	GlobalSection(SolutionProperties) = preSolution
		HideSolutionNode = FALSE
	EndGlobalSection
	GlobalSection(ExtensibilityGlobals) = postSolution
		SolutionGuid = {3E09A524-434B-428A-90AE-00A6F3E8F82E}
	EndGlobalSection
EndGlobal
